# This file is automatically @generated by Cargo.
# It is not intended for manual editing.
version = 3

[[package]]
name = "mueve"
version = "0.1.0"
dependencies = [
 "paco",
]

[[package]]
name = "paco"
version = "0.1.0"
source = "registry+https://github.com/rust-lang/crates.io-index"
checksum = "556c841900810758a37aa0aca652a9791c7c9bb631e8f4159fd79a86159cdb05"
